
Microsoft Visual Studio Solution File, Format Version 12.00
# Visual Studio Version 17
VisualStudioVersion = 17.5.33414.496
MinimumVisualStudioVersion = 10.0.40219.1
Project("{FAE04EC0-301F-11D3-BF4B-00C04F79EFBC}") = "CrawlerApp.Application", "CrawlerApp.Application\CrawlerApp.Application.csproj", "{79E8F261-229C-42C9-8247-0F5B5D357353}"
EndProject
Project("{FAE04EC0-301F-11D3-BF4B-00C04F79EFBC}") = "CrawlerApp.Domain", "CrawlerApp.Domain\CrawlerApp.Domain.csproj", "{AC90477C-C710-4FC0-A7F4-5449357194EF}"
EndProject
Project("{FAE04EC0-301F-11D3-BF4B-00C04F79EFBC}") = "CrawlerApp.Infrastructure", "CrawlerApp.Infrastructure\CrawlerApp.Infrastructure.csproj", "{CC291912-9820-4D71-893D-83DAD440E176}"
EndProject
Project("{FAE04EC0-301F-11D3-BF4B-00C04F79EFBC}") = "CrawlerApp.WebApi", "CrawlerApp.WebApi\CrawlerApp.WebApi.csproj", "{3CB6435F-2D63-4503-AF06-02F55BF1B62D}"
EndProject
Project("{FAE04EC0-301F-11D3-BF4B-00C04F79EFBC}") = "CrawlerApp.CrawlerConsole", "CrawlerApp.CrawlerConsole\CrawlerApp.CrawlerConsole.csproj", "{65BB3698-16B4-45A1-BEF9-641DCDE0D36F}"
EndProject
Global
	GlobalSection(SolutionConfigurationPlatforms) = preSolution
		Debug|Any CPU = Debug|Any CPU
		Release|Any CPU = Release|Any CPU
	EndGlobalSection
	GlobalSection(ProjectConfigurationPlatforms) = postSolution
		{79E8F261-229C-42C9-8247-0F5B5D357353}.Debug|Any CPU.ActiveCfg = Debug|Any CPU
		{79E8F261-229C-42C9-8247-0F5B5D357353}.Debug|Any CPU.Build.0 = Debug|Any CPU
		{79E8F261-229C-42C9-8247-0F5B5D357353}.Release|Any CPU.ActiveCfg = Release|Any CPU
		{79E8F261-229C-42C9-8247-0F5B5D357353}.Release|Any CPU.Build.0 = Release|Any CPU
		{AC90477C-C710-4FC0-A7F4-5449357194EF}.Debug|Any CPU.ActiveCfg = Debug|Any CPU
		{AC90477C-C710-4FC0-A7F4-5449357194EF}.Debug|Any CPU.Build.0 = Debug|Any CPU
		{AC90477C-C710-4FC0-A7F4-5449357194EF}.Release|Any CPU.ActiveCfg = Release|Any CPU
		{AC90477C-C710-4FC0-A7F4-5449357194EF}.Release|Any CPU.Build.0 = Release|Any CPU
		{CC291912-9820-4D71-893D-83DAD440E176}.Debug|Any CPU.ActiveCfg = Debug|Any CPU
		{CC291912-9820-4D71-893D-83DAD440E176}.Debug|Any CPU.Build.0 = Debug|Any CPU
		{CC291912-9820-4D71-893D-83DAD440E176}.Release|Any CPU.ActiveCfg = Release|Any CPU
		{CC291912-9820-4D71-893D-83DAD440E176}.Release|Any CPU.Build.0 = Release|Any CPU
		{3CB6435F-2D63-4503-AF06-02F55BF1B62D}.Debug|Any CPU.ActiveCfg = Debug|Any CPU
		{3CB6435F-2D63-4503-AF06-02F55BF1B62D}.Debug|Any CPU.Build.0 = Debug|Any CPU
		{3CB6435F-2D63-4503-AF06-02F55BF1B62D}.Release|Any CPU.ActiveCfg = Release|Any CPU
		{3CB6435F-2D63-4503-AF06-02F55BF1B62D}.Release|Any CPU.Build.0 = Release|Any CPU
		{65BB3698-16B4-45A1-BEF9-641DCDE0D36F}.Debug|Any CPU.ActiveCfg = Debug|Any CPU
		{65BB3698-16B4-45A1-BEF9-641DCDE0D36F}.Debug|Any CPU.Build.0 = Debug|Any CPU
		{65BB3698-16B4-45A1-BEF9-641DCDE0D36F}.Release|Any CPU.ActiveCfg = Release|Any CPU
		{65BB3698-16B4-45A1-BEF9-641DCDE0D36F}.Release|Any CPU.Build.0 = Release|Any CPU
	EndGlobalSection
	GlobalSection(SolutionProperties) = preSolution
		HideSolutionNode = FALSE
	EndGlobalSection
	GlobalSection(ExtensibilityGlobals) = postSolution
		SolutionGuid = {3B416BF6-6B65-4DCE-B7FE-1F5FBF3DEBA0}
	EndGlobalSection
EndGlobal
