
Microsoft Visual Studio Solution File, Format Version 12.00
# Visual Studio Version 17
VisualStudioVersion = 17.5.33414.496
MinimumVisualStudioVersion = 10.0.40219.1
Project("{FAE04EC0-301F-11D3-BF4B-00C04F79EFBC}") = "Application", "Application\Application.csproj", "{F516AA4F-AC53-4C22-8FBC-78D759ADEFB9}"
EndProject
Project("{FAE04EC0-301F-11D3-BF4B-00C04F79EFBC}") = "Domain", "Domain\Domain.csproj", "{8A76A741-080D-413F-B395-AAF503AFA8AB}"
EndProject
Project("{FAE04EC0-301F-11D3-BF4B-00C04F79EFBC}") = "Infrastructure", "Infrastructure\Infrastructure.csproj", "{6154FCCB-1CB4-428D-A628-6B13FD3F09CF}"
EndProject
Project("{FAE04EC0-301F-11D3-BF4B-00C04F79EFBC}") = "WebApi", "WebApi\WebApi.csproj", "{01E13610-9A20-4647-A1FC-B6F00934261F}"
EndProject
Global
	GlobalSection(SolutionConfigurationPlatforms) = preSolution
		Debug|Any CPU = Debug|Any CPU
		Release|Any CPU = Release|Any CPU
	EndGlobalSection
	GlobalSection(ProjectConfigurationPlatforms) = postSolution
		{F516AA4F-AC53-4C22-8FBC-78D759ADEFB9}.Debug|Any CPU.ActiveCfg = Debug|Any CPU
		{F516AA4F-AC53-4C22-8FBC-78D759ADEFB9}.Debug|Any CPU.Build.0 = Debug|Any CPU
		{F516AA4F-AC53-4C22-8FBC-78D759ADEFB9}.Release|Any CPU.ActiveCfg = Release|Any CPU
		{F516AA4F-AC53-4C22-8FBC-78D759ADEFB9}.Release|Any CPU.Build.0 = Release|Any CPU
		{8A76A741-080D-413F-B395-AAF503AFA8AB}.Debug|Any CPU.ActiveCfg = Debug|Any CPU
		{8A76A741-080D-413F-B395-AAF503AFA8AB}.Debug|Any CPU.Build.0 = Debug|Any CPU
		{8A76A741-080D-413F-B395-AAF503AFA8AB}.Release|Any CPU.ActiveCfg = Release|Any CPU
		{8A76A741-080D-413F-B395-AAF503AFA8AB}.Release|Any CPU.Build.0 = Release|Any CPU
		{6154FCCB-1CB4-428D-A628-6B13FD3F09CF}.Debug|Any CPU.ActiveCfg = Debug|Any CPU
		{6154FCCB-1CB4-428D-A628-6B13FD3F09CF}.Debug|Any CPU.Build.0 = Debug|Any CPU
		{6154FCCB-1CB4-428D-A628-6B13FD3F09CF}.Release|Any CPU.ActiveCfg = Release|Any CPU
		{6154FCCB-1CB4-428D-A628-6B13FD3F09CF}.Release|Any CPU.Build.0 = Release|Any CPU
		{01E13610-9A20-4647-A1FC-B6F00934261F}.Debug|Any CPU.ActiveCfg = Debug|Any CPU
		{01E13610-9A20-4647-A1FC-B6F00934261F}.Debug|Any CPU.Build.0 = Debug|Any CPU
		{01E13610-9A20-4647-A1FC-B6F00934261F}.Release|Any CPU.ActiveCfg = Release|Any CPU
		{01E13610-9A20-4647-A1FC-B6F00934261F}.Release|Any CPU.Build.0 = Release|Any CPU
	EndGlobalSection
	GlobalSection(SolutionProperties) = preSolution
		HideSolutionNode = FALSE
	EndGlobalSection
	GlobalSection(ExtensibilityGlobals) = postSolution
		SolutionGuid = {E07B0DB2-62BF-4357-9467-BCACB7BF1AF5}
	EndGlobalSection
EndGlobal
